// !$*UTF8*$!
{
	archiveVersion = 1;
	classes = {
	};
	objectVersion = 46;
	objects = {

/* Begin PBXBuildFile section */
		EB4AE1631E9C4AEF00345807 /* AppDelegate.swift in Sources */ = {isa = PBXBuildFile; fileRef = EB4AE1621E9C4AEF00345807 /* AppDelegate.swift */; };
		EB4AE1651E9C4AEF00345807 /* ViewController.swift in Sources */ = {isa = PBXBuildFile; fileRef = EB4AE1641E9C4AEF00345807 /* ViewController.swift */; };
		EB4AE1681E9C4AEF00345807 /* Main.storyboard in Resources */ = {isa = PBXBuildFile; fileRef = EB4AE1661E9C4AEF00345807 /* Main.storyboard */; };
		EB4AE16A1E9C4AEF00345807 /* Assets.xcassets in Resources */ = {isa = PBXBuildFile; fileRef = EB4AE1691E9C4AEF00345807 /* Assets.xcassets */; };
		EB4AE16D1E9C4AEF00345807 /* LaunchScreen.storyboard in Resources */ = {isa = PBXBuildFile; fileRef = EB4AE16B1E9C4AEF00345807 /* LaunchScreen.storyboard */; };
		EB4AE1781E9C4AEF00345807 /* SlidersTests.swift in Sources */ = {isa = PBXBuildFile; fileRef = EB4AE1771E9C4AEF00345807 /* SlidersTests.swift */; };
		EB4AE1831E9C4AEF00345807 /* SlidersUITests.swift in Sources */ = {isa = PBXBuildFile; fileRef = EB4AE1821E9C4AEF00345807 /* SlidersUITests.swift */; };
/* End PBXBuildFile section */

/* Begin PBXContainerItemProxy section */
		EB4AE1741E9C4AEF00345807 /* PBXContainerItemProxy */ = {
			isa = PBXContainerItemProxy;
			containerPortal = EB4AE1571E9C4AEF00345807 /* Project object */;
			proxyType = 1;
			remoteGlobalIDString = EB4AE15E1E9C4AEF00345807;
			remoteInfo = Sliders;
		};
		EB4AE17F1E9C4AEF00345807 /* PBXContainerItemProxy */ = {
			isa = PBXContainerItemProxy;
			containerPortal = EB4AE1571E9C4AEF00345807 /* Project object */;
			proxyType = 1;
			remoteGlobalIDString = EB4AE15E1E9C4AEF00345807;
			remoteInfo = Sliders;
		};
/* End PBXContainerItemProxy section */

/* Begin PBXFileReference section */
		EB4AE15F1E9C4AEF00345807 /* Sliders.app */ = {isa = PBXFileReference; explicitFileType = wrapper.application; includeInIndex = 0; path = Sliders.app; sourceTree = BUILT_PRODUCTS_DIR; };
		EB4AE1621E9C4AEF00345807 /* AppDelegate.swift */ = {isa = PBXFileReference; lastKnownFileType = sourcecode.swift; path = AppDelegate.swift; sourceTree = "<group>"; };
		EB4AE1641E9C4AEF00345807 /* ViewController.swift */ = {isa = PBXFileReference; lastKnownFileType = sourcecode.swift; path = ViewController.swift; sourceTree = "<group>"; };
		EB4AE1671E9C4AEF00345807 /* Base */ = {isa = PBXFileReference; lastKnownFileType = file.storyboard; name = Base; path = Base.lproj/Main.storyboard; sourceTree = "<group>"; };
		EB4AE1691E9C4AEF00345807 /* Assets.xcassets */ = {isa = PBXFileReference; lastKnownFileType = folder.assetcatalog; path = Assets.xcassets; sourceTree = "<group>"; };
		EB4AE16C1E9C4AEF00345807 /* Base */ = {isa = PBXFileReference; lastKnownFileType = file.storyboard; name = Base; path = Base.lproj/LaunchScreen.storyboard; sourceTree = "<group>"; };
		EB4AE16E1E9C4AEF00345807 /* Info.plist */ = {isa = PBXFileReference; lastKnownFileType = text.plist.xml; path = Info.plist; sourceTree = "<group>"; };
		EB4AE1731E9C4AEF00345807 /* SlidersTests.xctest */ = {isa = PBXFileReference; explicitFileType = wrapper.cfbundle; includeInIndex = 0; path = SlidersTests.xctest; sourceTree = BUILT_PRODUCTS_DIR; };
		EB4AE1771E9C4AEF00345807 /* SlidersTests.swift */ = {isa = PBXFileReference; lastKnownFileType = sourcecode.swift; path = SlidersTests.swift; sourceTree = "<group>"; };
		EB4AE1791E9C4AEF00345807 /* Info.plist */ = {isa = PBXFileReference; lastKnownFileType = text.plist.xml; path = Info.plist; sourceTree = "<group>"; };
		EB4AE17E1E9C4AEF00345807 /* SlidersUITests.xctest */ = {isa = PBXFileReference; explicitFileType = wrapper.cfbundle; includeInIndex = 0; path = SlidersUITests.xctest; sourceTree = BUILT_PRODUCTS_DIR; };
		EB4AE1821E9C4AEF00345807 /* SlidersUITests.swift */ = {isa = PBXFileReference; lastKnownFileType = sourcecode.swift; path = SlidersUITests.swift; sourceTree = "<group>"; };
		EB4AE1841E9C4AEF00345807 /* Info.plist */ = {isa = PBXFileReference; lastKnownFileType = text.plist.xml; path = Info.plist; sourceTree = "<group>"; };
/* End PBXFileReference section */

/* Begin PBXFrameworksBuildPhase section */
		EB4AE15C1E9C4AEF00345807 /* Frameworks */ = {
			isa = PBXFrameworksBuildPhase;
			buildActionMask = 2147483647;
			files = (
			);
			runOnlyForDeploymentPostprocessing = 0;
		};
		EB4AE1701E9C4AEF00345807 /* Frameworks */ = {
			isa = PBXFrameworksBuildPhase;
			buildActionMask = 2147483647;
			files = (
			);
			runOnlyForDeploymentPostprocessing = 0;
		};
		EB4AE17B1E9C4AEF00345807 /* Frameworks */ = {
			isa = PBXFrameworksBuildPhase;
			buildActionMask = 2147483647;
			files = (
			);
			runOnlyForDeploymentPostprocessing = 0;
		};
/* End PBXFrameworksBuildPhase section */

/* Begin PBXGroup section */
		EB4AE1561E9C4AEF00345807 = {
			isa = PBXGroup;
			children = (
				EB4AE1611E9C4AEF00345807 /* Sliders */,
				EB4AE1761E9C4AEF00345807 /* SlidersTests */,
				EB4AE1811E9C4AEF00345807 /* SlidersUITests */,
				EB4AE1601E9C4AEF00345807 /* Products */,
			);
			sourceTree = "<group>";
		};
		EB4AE1601E9C4AEF00345807 /* Products */ = {
			isa = PBXGroup;
			children = (
				EB4AE15F1E9C4AEF00345807 /* Sliders.app */,
				EB4AE1731E9C4AEF00345807 /* SlidersTests.xctest */,
				EB4AE17E1E9C4AEF00345807 /* SlidersUITests.xctest */,
			);
			name = Products;
			sourceTree = "<group>";
		};
		EB4AE1611E9C4AEF00345807 /* Sliders */ = {
			isa = PBXGroup;
			children = (
				EB4AE1621E9C4AEF00345807 /* AppDelegate.swift */,
				EB4AE1641E9C4AEF00345807 /* ViewController.swift */,
				EB4AE1661E9C4AEF00345807 /* Main.storyboard */,
				EB4AE1691E9C4AEF00345807 /* Assets.xcassets */,
				EB4AE16B1E9C4AEF00345807 /* LaunchScreen.storyboard */,
				EB4AE16E1E9C4AEF00345807 /* Info.plist */,
			);
			path = Sliders;
			sourceTree = "<group>";
		};
		EB4AE1761E9C4AEF00345807 /* SlidersTests */ = {
			isa = PBXGroup;
			children = (
				EB4AE1771E9C4AEF00345807 /* SlidersTests.swift */,
				EB4AE1791E9C4AEF00345807 /* Info.plist */,
			);
			path = SlidersTests;
			sourceTree = "<group>";
		};
		EB4AE1811E9C4AEF00345807 /* SlidersUITests */ = {
			isa = PBXGroup;
			children = (
				EB4AE1821E9C4AEF00345807 /* SlidersUITests.swift */,
				EB4AE1841E9C4AEF00345807 /* Info.plist */,
			);
			path = SlidersUITests;
			sourceTree = "<group>";
		};
/* End PBXGroup section */

/* Begin PBXNativeTarget section */
		EB4AE15E1E9C4AEF00345807 /* Sliders */ = {
			isa = PBXNativeTarget;
			buildConfigurationList = EB4AE1871E9C4AEF00345807 /* Build configuration list for PBXNativeTarget "Sliders" */;
			buildPhases = (
				EB4AE15B1E9C4AEF00345807 /* Sources */,
				EB4AE15C1E9C4AEF00345807 /* Frameworks */,
				EB4AE15D1E9C4AEF00345807 /* Resources */,
			);
			buildRules = (
			);
			dependencies = (
			);
			name = Sliders;
			productName = Sliders;
			productReference = EB4AE15F1E9C4AEF00345807 /* Sliders.app */;
			productType = "com.apple.product-type.application";
		};
		EB4AE1721E9C4AEF00345807 /* SlidersTests */ = {
			isa = PBXNativeTarget;
			buildConfigurationList = EB4AE18A1E9C4AEF00345807 /* Build configuration list for PBXNativeTarget "SlidersTests" */;
			buildPhases = (
				EB4AE16F1E9C4AEF00345807 /* Sources */,
				EB4AE1701E9C4AEF00345807 /* Frameworks */,
				EB4AE1711E9C4AEF00345807 /* Resources */,
			);
			buildRules = (
			);
			dependencies = (
				EB4AE1751E9C4AEF00345807 /* PBXTargetDependency */,
			);
			name = SlidersTests;
			productName = SlidersTests;
			productReference = EB4AE1731E9C4AEF00345807 /* SlidersTests.xctest */;
			productType = "com.apple.product-type.bundle.unit-test";
		};
		EB4AE17D1E9C4AEF00345807 /* SlidersUITests */ = {
			isa = PBXNativeTarget;
			buildConfigurationList = EB4AE18D1E9C4AEF00345807 /* Build configuration list for PBXNativeTarget "SlidersUITests" */;
			buildPhases = (
				EB4AE17A1E9C4AEF00345807 /* Sources */,
				EB4AE17B1E9C4AEF00345807 /* Frameworks */,
				EB4AE17C1E9C4AEF00345807 /* Resources */,
			);
			buildRules = (
			);
			dependencies = (
				EB4AE1801E9C4AEF00345807 /* PBXTargetDependency */,
			);
			name = SlidersUITests;
			productName = SlidersUITests;
			productReference = EB4AE17E1E9C4AEF00345807 /* SlidersUITests.xctest */;
			productType = "com.apple.product-type.bundle.ui-testing";
		};
/* End PBXNativeTarget section */

/* Begin PBXProject section */
		EB4AE1571E9C4AEF00345807 /* Project object */ = {
			isa = PBXProject;
			attributes = {
				LastSwiftUpdateCheck = 0830;
				LastUpgradeCheck = 0830;
				ORGANIZATIONNAME = "Pedro Fernandes";
				TargetAttributes = {
					EB4AE15E1E9C4AEF00345807 = {
						CreatedOnToolsVersion = 8.3.1;
						ProvisioningStyle = Automatic;
					};
					EB4AE1721E9C4AEF00345807 = {
						CreatedOnToolsVersion = 8.3.1;
						ProvisioningStyle = Automatic;
						TestTargetID = EB4AE15E1E9C4AEF00345807;
					};
					EB4AE17D1E9C4AEF00345807 = {
						CreatedOnToolsVersion = 8.3.1;
						ProvisioningStyle = Automatic;
						TestTargetID = EB4AE15E1E9C4AEF00345807;
					};
				};
			};
			buildConfigurationList = EB4AE15A1E9C4AEF00345807 /* Build configuration list for PBXProject "Sliders" */;
			compatibilityVersion = "Xcode 3.2";
			developmentRegion = English;
			hasScannedForEncodings = 0;
			knownRegions = (
				en,
				Base,
			);
			mainGroup = EB4AE1561E9C4AEF00345807;
			productRefGroup = EB4AE1601E9C4AEF00345807 /* Products */;
			projectDirPath = "";
			projectRoot = "";
			targets = (
				EB4AE15E1E9C4AEF00345807 /* Sliders */,
				EB4AE1721E9C4AEF00345807 /* SlidersTests */,
				EB4AE17D1E9C4AEF00345807 /* SlidersUITests */,
			);
		};
/* End PBXProject section */

/* Begin PBXResourcesBuildPhase section */
		EB4AE15D1E9C4AEF00345807 /* Resources */ = {
			isa = PBXResourcesBuildPhase;
			buildActionMask = 2147483647;
			files = (
				EB4AE16D1E9C4AEF00345807 /* LaunchScreen.storyboard in Resources */,
				EB4AE16A1E9C4AEF00345807 /* Assets.xcassets in Resources */,
				EB4AE1681E9C4AEF00345807 /* Main.storyboard in Resources */,
			);
			runOnlyForDeploymentPostprocessing = 0;
		};
		EB4AE1711E9C4AEF00345807 /* Resources */ = {
			isa = PBXResourcesBuildPhase;
			buildActionMask = 2147483647;
			files = (
			);
			runOnlyForDeploymentPostprocessing = 0;
		};
		EB4AE17C1E9C4AEF00345807 /* Resources */ = {
			isa = PBXResourcesBuildPhase;
			buildActionMask = 2147483647;
			files = (
			);
			runOnlyForDeploymentPostprocessing = 0;
		};
/* End PBXResourcesBuildPhase section */

/* Begin PBXSourcesBuildPhase section */
		EB4AE15B1E9C4AEF00345807 /* Sources */ = {
			isa = PBXSourcesBuildPhase;
			buildActionMask = 2147483647;
			files = (
				EB4AE1651E9C4AEF00345807 /* ViewController.swift in Sources */,
				EB4AE1631E9C4AEF00345807 /* AppDelegate.swift in Sources */,
			);
			runOnlyForDeploymentPostprocessing = 0;
		};
		EB4AE16F1E9C4AEF00345807 /* Sources */ = {
			isa = PBXSourcesBuildPhase;
			buildActionMask = 2147483647;
			files = (
				EB4AE1781E9C4AEF00345807 /* SlidersTests.swift in Sources */,
			);
			runOnlyForDeploymentPostprocessing = 0;
		};
		EB4AE17A1E9C4AEF00345807 /* Sources */ = {
			isa = PBXSourcesBuildPhase;
			buildActionMask = 2147483647;
			files = (
				EB4AE1831E9C4AEF00345807 /* SlidersUITests.swift in Sources */,
			);
			runOnlyForDeploymentPostprocessing = 0;
		};
/* End PBXSourcesBuildPhase section */

/* Begin PBXTargetDependency section */
		EB4AE1751E9C4AEF00345807 /* PBXTargetDependency */ = {
			isa = PBXTargetDependency;
			target = EB4AE15E1E9C4AEF00345807 /* Sliders */;
			targetProxy = EB4AE1741E9C4AEF00345807 /* PBXContainerItemProxy */;
		};
		EB4AE1801E9C4AEF00345807 /* PBXTargetDependency */ = {
			isa = PBXTargetDependency;
			target = EB4AE15E1E9C4AEF00345807 /* Sliders */;
			targetProxy = EB4AE17F1E9C4AEF00345807 /* PBXContainerItemProxy */;
		};
/* End PBXTargetDependency section */

/* Begin PBXVariantGroup section */
		EB4AE1661E9C4AEF00345807 /* Main.storyboard */ = {
			isa = PBXVariantGroup;
			children = (
				EB4AE1671E9C4AEF00345807 /* Base */,
			);
			name = Main.storyboard;
			sourceTree = "<group>";
		};
		EB4AE16B1E9C4AEF00345807 /* LaunchScreen.storyboard */ = {
			isa = PBXVariantGroup;
			children = (
				EB4AE16C1E9C4AEF00345807 /* Base */,
			);
			name = LaunchScreen.storyboard;
			sourceTree = "<group>";
		};
/* End PBXVariantGroup section */

/* Begin XCBuildConfiguration section */
		EB4AE1851E9C4AEF00345807 /* Debug */ = {
			isa = XCBuildConfiguration;
			buildSettings = {
				ALWAYS_SEARCH_USER_PATHS = NO;
				CLANG_ANALYZER_NONNULL = YES;
				CLANG_ANALYZER_NUMBER_OBJECT_CONVERSION = YES_AGGRESSIVE;
				CLANG_CXX_LANGUAGE_STANDARD = "gnu++0x";
				CLANG_CXX_LIBRARY = "libc++";
				CLANG_ENABLE_MODULES = YES;
				CLANG_ENABLE_OBJC_ARC = YES;
				CLANG_WARN_BOOL_CONVERSION = YES;
				CLANG_WARN_CONSTANT_CONVERSION = YES;
				CLANG_WARN_DIRECT_OBJC_ISA_USAGE = YES_ERROR;
				CLANG_WARN_DOCUMENTATION_COMMENTS = YES;
				CLANG_WARN_EMPTY_BODY = YES;
				CLANG_WARN_ENUM_CONVERSION = YES;
				CLANG_WARN_INFINITE_RECURSION = YES;
				CLANG_WARN_INT_CONVERSION = YES;
				CLANG_WARN_OBJC_ROOT_CLASS = YES_ERROR;
				CLANG_WARN_SUSPICIOUS_MOVE = YES;
				CLANG_WARN_UNREACHABLE_CODE = YES;
				CLANG_WARN__DUPLICATE_METHOD_MATCH = YES;
				"CODE_SIGN_IDENTITY[sdk=iphoneos*]" = "iPhone Developer";
				COPY_PHASE_STRIP = NO;
				DEBUG_INFORMATION_FORMAT = dwarf;
				ENABLE_STRICT_OBJC_MSGSEND = YES;
				ENABLE_TESTABILITY = YES;
				GCC_C_LANGUAGE_STANDARD = gnu99;
				GCC_DYNAMIC_NO_PIC = NO;
				GCC_NO_COMMON_BLOCKS = YES;
				GCC_OPTIMIZATION_LEVEL = 0;
				GCC_PREPROCESSOR_DEFINITIONS = (
					"DEBUG=1",
					"$(inherited)",
				);
				GCC_WARN_64_TO_32_BIT_CONVERSION = YES;
				GCC_WARN_ABOUT_RETURN_TYPE = YES_ERROR;
				GCC_WARN_UNDECLARED_SELECTOR = YES;
				GCC_WARN_UNINITIALIZED_AUTOS = YES_AGGRESSIVE;
				GCC_WARN_UNUSED_FUNCTION = YES;
				GCC_WARN_UNUSED_VARIABLE = YES;
				IPHONEOS_DEPLOYMENT_TARGET = 10.3;
				MTL_ENABLE_DEBUG_INFO = YES;
				ONLY_ACTIVE_ARCH = YES;
				SDKROOT = iphoneos;
				SWIFT_ACTIVE_COMPILATION_CONDITIONS = DEBUG;
				SWIFT_OPTIMIZATION_LEVEL = "-Onone";
			};
			name = Debug;
		};
		EB4AE1861E9C4AEF00345807 /* Release */ = {
			isa = XCBuildConfiguration;
			buildSettings = {
				ALWAYS_SEARCH_USER_PATHS = NO;
				CLANG_ANALYZER_NONNULL = YES;
				CLANG_ANALYZER_NUMBER_OBJECT_CONVERSION = YES_AGGRESSIVE;
				CLANG_CXX_LANGUAGE_STANDARD = "gnu++0x";
				CLANG_CXX_LIBRARY = "libc++";
				CLANG_ENABLE_MODULES = YES;
				CLANG_ENABLE_OBJC_ARC = YES;
				CLANG_WARN_BOOL_CONVERSION = YES;
				CLANG_WARN_CONSTANT_CONVERSION = YES;
				CLANG_WARN_DIRECT_OBJC_ISA_USAGE = YES_ERROR;
				CLANG_WARN_DOCUMENTATION_COMMENTS = YES;
				CLANG_WARN_EMPTY_BODY = YES;
				CLANG_WARN_ENUM_CONVERSION = YES;
				CLANG_WARN_INFINITE_RECURSION = YES;
				CLANG_WARN_INT_CONVERSION = YES;
				CLANG_WARN_OBJC_ROOT_CLASS = YES_ERROR;
				CLANG_WARN_SUSPICIOUS_MOVE = YES;
				CLANG_WARN_UNREACHABLE_CODE = YES;
				CLANG_WARN__DUPLICATE_METHOD_MATCH = YES;
				"CODE_SIGN_IDENTITY[sdk=iphoneos*]" = "iPhone Developer";
				COPY_PHASE_STRIP = NO;
				DEBUG_INFORMATION_FORMAT = "dwarf-with-dsym";
				ENABLE_NS_ASSERTIONS = NO;
				ENABLE_STRICT_OBJC_MSGSEND = YES;
				GCC_C_LANGUAGE_STANDARD = gnu99;
				GCC_NO_COMMON_BLOCKS = YES;
				GCC_WARN_64_TO_32_BIT_CONVERSION = YES;
				GCC_WARN_ABOUT_RETURN_TYPE = YES_ERROR;
				GCC_WARN_UNDECLARED_SELECTOR = YES;
				GCC_WARN_UNINITIALIZED_AUTOS = YES_AGGRESSIVE;
				GCC_WARN_UNUSED_FUNCTION = YES;
				GCC_WARN_UNUSED_VARIABLE = YES;
				IPHONEOS_DEPLOYMENT_TARGET = 10.3;
				MTL_ENABLE_DEBUG_INFO = NO;
				SDKROOT = iphoneos;
				SWIFT_OPTIMIZATION_LEVEL = "-Owholemodule";
				VALIDATE_PRODUCT = YES;
			};
			name = Release;
		};
		EB4AE1881E9C4AEF00345807 /* Debug */ = {
			isa = XCBuildConfiguration;
			buildSettings = {
				ASSETCATALOG_COMPILER_APPICON_NAME = AppIcon;
				INFOPLIST_FILE = Sliders/Info.plist;
				LD_RUNPATH_SEARCH_PATHS = "$(inherited) @executable_path/Frameworks";
				PRODUCT_BUNDLE_IDENTIFIER = com.example.Sliders;
				PRODUCT_NAME = "$(TARGET_NAME)";
				SWIFT_VERSION = 3.0;
			};
			name = Debug;
		};
		EB4AE1891E9C4AEF00345807 /* Release */ = {
			isa = XCBuildConfiguration;
			buildSettings = {
				ASSETCATALOG_COMPILER_APPICON_NAME = AppIcon;
				INFOPLIST_FILE = Sliders/Info.plist;
				LD_RUNPATH_SEARCH_PATHS = "$(inherited) @executable_path/Frameworks";
				PRODUCT_BUNDLE_IDENTIFIER = com.example.Sliders;
				PRODUCT_NAME = "$(TARGET_NAME)";
				SWIFT_VERSION = 3.0;
			};
			name = Release;
		};
		EB4AE18B1E9C4AEF00345807 /* Debug */ = {
			isa = XCBuildConfiguration;
			buildSettings = {
				ALWAYS_EMBED_SWIFT_STANDARD_LIBRARIES = YES;
				BUNDLE_LOADER = "$(TEST_HOST)";
				INFOPLIST_FILE = SlidersTests/Info.plist;
				LD_RUNPATH_SEARCH_PATHS = "$(inherited) @executable_path/Frameworks @loader_path/Frameworks";
				PRODUCT_BUNDLE_IDENTIFIER = com.example.SlidersTests;
				PRODUCT_NAME = "$(TARGET_NAME)";
				SWIFT_VERSION = 3.0;
				TEST_HOST = "$(BUILT_PRODUCTS_DIR)/Sliders.app/Sliders";
			};
			name = Debug;
		};
		EB4AE18C1E9C4AEF00345807 /* Release */ = {
			isa = XCBuildConfiguration;
			buildSettings = {
				ALWAYS_EMBED_SWIFT_STANDARD_LIBRARIES = YES;
				BUNDLE_LOADER = "$(TEST_HOST)";
				INFOPLIST_FILE = SlidersTests/Info.plist;
				LD_RUNPATH_SEARCH_PATHS = "$(inherited) @executable_path/Frameworks @loader_path/Frameworks";
				PRODUCT_BUNDLE_IDENTIFIER = com.example.SlidersTests;
				PRODUCT_NAME = "$(TARGET_NAME)";
				SWIFT_VERSION = 3.0;
				TEST_HOST = "$(BUILT_PRODUCTS_DIR)/Sliders.app/Sliders";
			};
			name = Release;
		};
		EB4AE18E1E9C4AEF00345807 /* Debug */ = {
			isa = XCBuildConfiguration;
			buildSettings = {
				ALWAYS_EMBED_SWIFT_STANDARD_LIBRARIES = YES;
				INFOPLIST_FILE = SlidersUITests/Info.plist;
				LD_RUNPATH_SEARCH_PATHS = "$(inherited) @executable_path/Frameworks @loader_path/Frameworks";
				PRODUCT_BUNDLE_IDENTIFIER = com.example.SlidersUITests;
				PRODUCT_NAME = "$(TARGET_NAME)";
				SWIFT_VERSION = 3.0;
				TEST_TARGET_NAME = Sliders;
			};
			name = Debug;
		};
		EB4AE18F1E9C4AEF00345807 /* Release */ = {
			isa = XCBuildConfiguration;
			buildSettings = {
				ALWAYS_EMBED_SWIFT_STANDARD_LIBRARIES = YES;
				INFOPLIST_FILE = SlidersUITests/Info.plist;
				LD_RUNPATH_SEARCH_PATHS = "$(inherited) @executable_path/Frameworks @loader_path/Frameworks";
				PRODUCT_BUNDLE_IDENTIFIER = com.example.SlidersUITests;
				PRODUCT_NAME = "$(TARGET_NAME)";
				SWIFT_VERSION = 3.0;
				TEST_TARGET_NAME = Sliders;
			};
			name = Release;
		};
/* End XCBuildConfiguration section */

/* Begin XCConfigurationList section */
		EB4AE15A1E9C4AEF00345807 /* Build configuration list for PBXProject "Sliders" */ = {
			isa = XCConfigurationList;
			buildConfigurations = (
				EB4AE1851E9C4AEF00345807 /* Debug */,
				EB4AE1861E9C4AEF00345807 /* Release */,
			);
			defaultConfigurationIsVisible = 0;
			defaultConfigurationName = Release;
		};
		EB4AE1871E9C4AEF00345807 /* Build configuration list for PBXNativeTarget "Sliders" */ = {
			isa = XCConfigurationList;
			buildConfigurations = (
				EB4AE1881E9C4AEF00345807 /* Debug */,
				EB4AE1891E9C4AEF00345807 /* Release */,
			);
			defaultConfigurationIsVisible = 0;
		};
		EB4AE18A1E9C4AEF00345807 /* Build configuration list for PBXNativeTarget "SlidersTests" */ = {
			isa = XCConfigurationList;
			buildConfigurations = (
				EB4AE18B1E9C4AEF00345807 /* Debug */,
				EB4AE18C1E9C4AEF00345807 /* Release */,
			);
			defaultConfigurationIsVisible = 0;
		};
		EB4AE18D1E9C4AEF00345807 /* Build configuration list for PBXNativeTarget "SlidersUITests" */ = {
			isa = XCConfigurationList;
			buildConfigurations = (
				EB4AE18E1E9C4AEF00345807 /* Debug */,
				EB4AE18F1E9C4AEF00345807 /* Release */,
			);
			defaultConfigurationIsVisible = 0;
		};
/* End XCConfigurationList section */
	};
	rootObject = EB4AE1571E9C4AEF00345807 /* Project object */;
}
