// !$*UTF8*$!
{
	archiveVersion = 1;
	classes = {
	};
	objectVersion = 46;
	objects = {

/* Begin PBXBuildFile section */
		EBBB98BF1E9B1FAF00DB5BDF /* Main.storyboard in Resources */ = {isa = PBXBuildFile; fileRef = EBF331501E9B02E800BBB2B0 /* Main.storyboard */; };
		EBF3314D1E9B02E800BBB2B0 /* AppDelegate.swift in Sources */ = {isa = PBXBuildFile; fileRef = EBF3314C1E9B02E800BBB2B0 /* AppDelegate.swift */; };
		EBF3314F1E9B02E800BBB2B0 /* ViewController.swift in Sources */ = {isa = PBXBuildFile; fileRef = EBF3314E1E9B02E800BBB2B0 /* ViewController.swift */; };
		EBF331541E9B02E800BBB2B0 /* Assets.xcassets in Resources */ = {isa = PBXBuildFile; fileRef = EBF331531E9B02E800BBB2B0 /* Assets.xcassets */; };
		EBF331571E9B02E800BBB2B0 /* LaunchScreen.storyboard in Resources */ = {isa = PBXBuildFile; fileRef = EBF331551E9B02E800BBB2B0 /* LaunchScreen.storyboard */; };
		EBF331621E9B02E800BBB2B0 /* HelloWorldTests.swift in Sources */ = {isa = PBXBuildFile; fileRef = EBF331611E9B02E800BBB2B0 /* HelloWorldTests.swift */; };
		EBF3316D1E9B02E800BBB2B0 /* HelloWorldUITests.swift in Sources */ = {isa = PBXBuildFile; fileRef = EBF3316C1E9B02E800BBB2B0 /* HelloWorldUITests.swift */; };
/* End PBXBuildFile section */

/* Begin PBXContainerItemProxy section */
		EBF3315E1E9B02E800BBB2B0 /* PBXContainerItemProxy */ = {
			isa = PBXContainerItemProxy;
			containerPortal = EBF331411E9B02E800BBB2B0 /* Project object */;
			proxyType = 1;
			remoteGlobalIDString = EBF331481E9B02E800BBB2B0;
			remoteInfo = HelloWorld;
		};
		EBF331691E9B02E800BBB2B0 /* PBXContainerItemProxy */ = {
			isa = PBXContainerItemProxy;
			containerPortal = EBF331411E9B02E800BBB2B0 /* Project object */;
			proxyType = 1;
			remoteGlobalIDString = EBF331481E9B02E800BBB2B0;
			remoteInfo = HelloWorld;
		};
/* End PBXContainerItemProxy section */

/* Begin PBXFileReference section */
		EBF331491E9B02E800BBB2B0 /* HelloWorld.app */ = {isa = PBXFileReference; explicitFileType = wrapper.application; includeInIndex = 0; path = HelloWorld.app; sourceTree = BUILT_PRODUCTS_DIR; };
		EBF3314C1E9B02E800BBB2B0 /* AppDelegate.swift */ = {isa = PBXFileReference; lastKnownFileType = sourcecode.swift; path = AppDelegate.swift; sourceTree = "<group>"; };
		EBF3314E1E9B02E800BBB2B0 /* ViewController.swift */ = {isa = PBXFileReference; lastKnownFileType = sourcecode.swift; path = ViewController.swift; sourceTree = "<group>"; };
		EBF331511E9B02E800BBB2B0 /* Base */ = {isa = PBXFileReference; lastKnownFileType = file.storyboard; name = Base; path = Base.lproj/Main.storyboard; sourceTree = "<group>"; };
		EBF331531E9B02E800BBB2B0 /* Assets.xcassets */ = {isa = PBXFileReference; lastKnownFileType = folder.assetcatalog; path = Assets.xcassets; sourceTree = "<group>"; };
		EBF331561E9B02E800BBB2B0 /* Base */ = {isa = PBXFileReference; lastKnownFileType = file.storyboard; name = Base; path = Base.lproj/LaunchScreen.storyboard; sourceTree = "<group>"; };
		EBF331581E9B02E800BBB2B0 /* Info.plist */ = {isa = PBXFileReference; lastKnownFileType = text.plist.xml; path = Info.plist; sourceTree = "<group>"; };
		EBF3315D1E9B02E800BBB2B0 /* HelloWorldTests.xctest */ = {isa = PBXFileReference; explicitFileType = wrapper.cfbundle; includeInIndex = 0; path = HelloWorldTests.xctest; sourceTree = BUILT_PRODUCTS_DIR; };
		EBF331611E9B02E800BBB2B0 /* HelloWorldTests.swift */ = {isa = PBXFileReference; lastKnownFileType = sourcecode.swift; path = HelloWorldTests.swift; sourceTree = "<group>"; };
		EBF331631E9B02E800BBB2B0 /* Info.plist */ = {isa = PBXFileReference; lastKnownFileType = text.plist.xml; path = Info.plist; sourceTree = "<group>"; };
		EBF331681E9B02E800BBB2B0 /* HelloWorldUITests.xctest */ = {isa = PBXFileReference; explicitFileType = wrapper.cfbundle; includeInIndex = 0; path = HelloWorldUITests.xctest; sourceTree = BUILT_PRODUCTS_DIR; };
		EBF3316C1E9B02E800BBB2B0 /* HelloWorldUITests.swift */ = {isa = PBXFileReference; lastKnownFileType = sourcecode.swift; path = HelloWorldUITests.swift; sourceTree = "<group>"; };
		EBF3316E1E9B02E800BBB2B0 /* Info.plist */ = {isa = PBXFileReference; lastKnownFileType = text.plist.xml; path = Info.plist; sourceTree = "<group>"; };
/* End PBXFileReference section */

/* Begin PBXFrameworksBuildPhase section */
		EBF331461E9B02E800BBB2B0 /* Frameworks */ = {
			isa = PBXFrameworksBuildPhase;
			buildActionMask = 2147483647;
			files = (
			);
			runOnlyForDeploymentPostprocessing = 0;
		};
		EBF3315A1E9B02E800BBB2B0 /* Frameworks */ = {
			isa = PBXFrameworksBuildPhase;
			buildActionMask = 2147483647;
			files = (
			);
			runOnlyForDeploymentPostprocessing = 0;
		};
		EBF331651E9B02E800BBB2B0 /* Frameworks */ = {
			isa = PBXFrameworksBuildPhase;
			buildActionMask = 2147483647;
			files = (
			);
			runOnlyForDeploymentPostprocessing = 0;
		};
/* End PBXFrameworksBuildPhase section */

/* Begin PBXGroup section */
		EBF331401E9B02E800BBB2B0 = {
			isa = PBXGroup;
			children = (
				EBF3314B1E9B02E800BBB2B0 /* HelloWorld */,
				EBF331601E9B02E800BBB2B0 /* HelloWorldTests */,
				EBF3316B1E9B02E800BBB2B0 /* HelloWorldUITests */,
				EBF3314A1E9B02E800BBB2B0 /* Products */,
			);
			sourceTree = "<group>";
		};
		EBF3314A1E9B02E800BBB2B0 /* Products */ = {
			isa = PBXGroup;
			children = (
				EBF331491E9B02E800BBB2B0 /* HelloWorld.app */,
				EBF3315D1E9B02E800BBB2B0 /* HelloWorldTests.xctest */,
				EBF331681E9B02E800BBB2B0 /* HelloWorldUITests.xctest */,
			);
			name = Products;
			sourceTree = "<group>";
		};
		EBF3314B1E9B02E800BBB2B0 /* HelloWorld */ = {
			isa = PBXGroup;
			children = (
				EBF3314C1E9B02E800BBB2B0 /* AppDelegate.swift */,
				EBF3314E1E9B02E800BBB2B0 /* ViewController.swift */,
				EBF331501E9B02E800BBB2B0 /* Main.storyboard */,
				EBF331531E9B02E800BBB2B0 /* Assets.xcassets */,
				EBF331551E9B02E800BBB2B0 /* LaunchScreen.storyboard */,
				EBF331581E9B02E800BBB2B0 /* Info.plist */,
			);
			path = HelloWorld;
			sourceTree = "<group>";
		};
		EBF331601E9B02E800BBB2B0 /* HelloWorldTests */ = {
			isa = PBXGroup;
			children = (
				EBF331611E9B02E800BBB2B0 /* HelloWorldTests.swift */,
				EBF331631E9B02E800BBB2B0 /* Info.plist */,
			);
			path = HelloWorldTests;
			sourceTree = "<group>";
		};
		EBF3316B1E9B02E800BBB2B0 /* HelloWorldUITests */ = {
			isa = PBXGroup;
			children = (
				EBF3316C1E9B02E800BBB2B0 /* HelloWorldUITests.swift */,
				EBF3316E1E9B02E800BBB2B0 /* Info.plist */,
			);
			path = HelloWorldUITests;
			sourceTree = "<group>";
		};
/* End PBXGroup section */

/* Begin PBXNativeTarget section */
		EBF331481E9B02E800BBB2B0 /* HelloWorld */ = {
			isa = PBXNativeTarget;
			buildConfigurationList = EBF331711E9B02E800BBB2B0 /* Build configuration list for PBXNativeTarget "HelloWorld" */;
			buildPhases = (
				EBF331451E9B02E800BBB2B0 /* Sources */,
				EBF331461E9B02E800BBB2B0 /* Frameworks */,
				EBF331471E9B02E800BBB2B0 /* Resources */,
			);
			buildRules = (
			);
			dependencies = (
			);
			name = HelloWorld;
			productName = HelloWorld;
			productReference = EBF331491E9B02E800BBB2B0 /* HelloWorld.app */;
			productType = "com.apple.product-type.application";
		};
		EBF3315C1E9B02E800BBB2B0 /* HelloWorldTests */ = {
			isa = PBXNativeTarget;
			buildConfigurationList = EBF331741E9B02E800BBB2B0 /* Build configuration list for PBXNativeTarget "HelloWorldTests" */;
			buildPhases = (
				EBF331591E9B02E800BBB2B0 /* Sources */,
				EBF3315A1E9B02E800BBB2B0 /* Frameworks */,
				EBF3315B1E9B02E800BBB2B0 /* Resources */,
			);
			buildRules = (
			);
			dependencies = (
				EBF3315F1E9B02E800BBB2B0 /* PBXTargetDependency */,
			);
			name = HelloWorldTests;
			productName = HelloWorldTests;
			productReference = EBF3315D1E9B02E800BBB2B0 /* HelloWorldTests.xctest */;
			productType = "com.apple.product-type.bundle.unit-test";
		};
		EBF331671E9B02E800BBB2B0 /* HelloWorldUITests */ = {
			isa = PBXNativeTarget;
			buildConfigurationList = EBF331771E9B02E800BBB2B0 /* Build configuration list for PBXNativeTarget "HelloWorldUITests" */;
			buildPhases = (
				EBF331641E9B02E800BBB2B0 /* Sources */,
				EBF331651E9B02E800BBB2B0 /* Frameworks */,
				EBF331661E9B02E800BBB2B0 /* Resources */,
			);
			buildRules = (
			);
			dependencies = (
				EBF3316A1E9B02E800BBB2B0 /* PBXTargetDependency */,
			);
			name = HelloWorldUITests;
			productName = HelloWorldUITests;
			productReference = EBF331681E9B02E800BBB2B0 /* HelloWorldUITests.xctest */;
			productType = "com.apple.product-type.bundle.ui-testing";
		};
/* End PBXNativeTarget section */

/* Begin PBXProject section */
		EBF331411E9B02E800BBB2B0 /* Project object */ = {
			isa = PBXProject;
			attributes = {
				KnownAssetTags = (
					"	",
				);
				LastSwiftUpdateCheck = 0830;
				LastUpgradeCheck = 0830;
				ORGANIZATIONNAME = "Pedro Fernandes";
				TargetAttributes = {
					EBF331481E9B02E800BBB2B0 = {
						CreatedOnToolsVersion = 8.3.1;
						ProvisioningStyle = Automatic;
					};
					EBF3315C1E9B02E800BBB2B0 = {
						CreatedOnToolsVersion = 8.3.1;
						ProvisioningStyle = Automatic;
						TestTargetID = EBF331481E9B02E800BBB2B0;
					};
					EBF331671E9B02E800BBB2B0 = {
						CreatedOnToolsVersion = 8.3.1;
						ProvisioningStyle = Automatic;
						TestTargetID = EBF331481E9B02E800BBB2B0;
					};
				};
			};
			buildConfigurationList = EBF331441E9B02E800BBB2B0 /* Build configuration list for PBXProject "HelloWorld" */;
			compatibilityVersion = "Xcode 3.2";
			developmentRegion = English;
			hasScannedForEncodings = 0;
			knownRegions = (
				en,
				Base,
			);
			mainGroup = EBF331401E9B02E800BBB2B0;
			productRefGroup = EBF3314A1E9B02E800BBB2B0 /* Products */;
			projectDirPath = "";
			projectRoot = "";
			targets = (
				EBF331481E9B02E800BBB2B0 /* HelloWorld */,
				EBF3315C1E9B02E800BBB2B0 /* HelloWorldTests */,
				EBF331671E9B02E800BBB2B0 /* HelloWorldUITests */,
			);
		};
/* End PBXProject section */

/* Begin PBXResourcesBuildPhase section */
		EBF331471E9B02E800BBB2B0 /* Resources */ = {
			isa = PBXResourcesBuildPhase;
			buildActionMask = 2147483647;
			files = (
				EBBB98BF1E9B1FAF00DB5BDF /* Main.storyboard in Resources */,
				EBF331571E9B02E800BBB2B0 /* LaunchScreen.storyboard in Resources */,
				EBF331541E9B02E800BBB2B0 /* Assets.xcassets in Resources */,
			);
			runOnlyForDeploymentPostprocessing = 0;
		};
		EBF3315B1E9B02E800BBB2B0 /* Resources */ = {
			isa = PBXResourcesBuildPhase;
			buildActionMask = 2147483647;
			files = (
			);
			runOnlyForDeploymentPostprocessing = 0;
		};
		EBF331661E9B02E800BBB2B0 /* Resources */ = {
			isa = PBXResourcesBuildPhase;
			buildActionMask = 2147483647;
			files = (
			);
			runOnlyForDeploymentPostprocessing = 0;
		};
/* End PBXResourcesBuildPhase section */

/* Begin PBXSourcesBuildPhase section */
		EBF331451E9B02E800BBB2B0 /* Sources */ = {
			isa = PBXSourcesBuildPhase;
			buildActionMask = 2147483647;
			files = (
				EBF3314F1E9B02E800BBB2B0 /* ViewController.swift in Sources */,
				EBF3314D1E9B02E800BBB2B0 /* AppDelegate.swift in Sources */,
			);
			runOnlyForDeploymentPostprocessing = 0;
		};
		EBF331591E9B02E800BBB2B0 /* Sources */ = {
			isa = PBXSourcesBuildPhase;
			buildActionMask = 2147483647;
			files = (
				EBF331621E9B02E800BBB2B0 /* HelloWorldTests.swift in Sources */,
			);
			runOnlyForDeploymentPostprocessing = 0;
		};
		EBF331641E9B02E800BBB2B0 /* Sources */ = {
			isa = PBXSourcesBuildPhase;
			buildActionMask = 2147483647;
			files = (
				EBF3316D1E9B02E800BBB2B0 /* HelloWorldUITests.swift in Sources */,
			);
			runOnlyForDeploymentPostprocessing = 0;
		};
/* End PBXSourcesBuildPhase section */

/* Begin PBXTargetDependency section */
		EBF3315F1E9B02E800BBB2B0 /* PBXTargetDependency */ = {
			isa = PBXTargetDependency;
			target = EBF331481E9B02E800BBB2B0 /* HelloWorld */;
			targetProxy = EBF3315E1E9B02E800BBB2B0 /* PBXContainerItemProxy */;
		};
		EBF3316A1E9B02E800BBB2B0 /* PBXTargetDependency */ = {
			isa = PBXTargetDependency;
			target = EBF331481E9B02E800BBB2B0 /* HelloWorld */;
			targetProxy = EBF331691E9B02E800BBB2B0 /* PBXContainerItemProxy */;
		};
/* End PBXTargetDependency section */

/* Begin PBXVariantGroup section */
		EBF331501E9B02E800BBB2B0 /* Main.storyboard */ = {
			isa = PBXVariantGroup;
			children = (
				EBF331511E9B02E800BBB2B0 /* Base */,
			);
			name = Main.storyboard;
			sourceTree = "<group>";
		};
		EBF331551E9B02E800BBB2B0 /* LaunchScreen.storyboard */ = {
			isa = PBXVariantGroup;
			children = (
				EBF331561E9B02E800BBB2B0 /* Base */,
			);
			name = LaunchScreen.storyboard;
			sourceTree = "<group>";
		};
/* End PBXVariantGroup section */

/* Begin XCBuildConfiguration section */
		EBF3316F1E9B02E800BBB2B0 /* Debug */ = {
			isa = XCBuildConfiguration;
			buildSettings = {
				ALWAYS_SEARCH_USER_PATHS = NO;
				CLANG_ANALYZER_NONNULL = YES;
				CLANG_ANALYZER_NUMBER_OBJECT_CONVERSION = YES_AGGRESSIVE;
				CLANG_CXX_LANGUAGE_STANDARD = "gnu++0x";
				CLANG_CXX_LIBRARY = "libc++";
				CLANG_ENABLE_MODULES = YES;
				CLANG_ENABLE_OBJC_ARC = YES;
				CLANG_WARN_BOOL_CONVERSION = YES;
				CLANG_WARN_CONSTANT_CONVERSION = YES;
				CLANG_WARN_DIRECT_OBJC_ISA_USAGE = YES_ERROR;
				CLANG_WARN_DOCUMENTATION_COMMENTS = YES;
				CLANG_WARN_EMPTY_BODY = YES;
				CLANG_WARN_ENUM_CONVERSION = YES;
				CLANG_WARN_INFINITE_RECURSION = YES;
				CLANG_WARN_INT_CONVERSION = YES;
				CLANG_WARN_OBJC_ROOT_CLASS = YES_ERROR;
				CLANG_WARN_SUSPICIOUS_MOVE = YES;
				CLANG_WARN_UNREACHABLE_CODE = YES;
				CLANG_WARN__DUPLICATE_METHOD_MATCH = YES;
				"CODE_SIGN_IDENTITY[sdk=iphoneos*]" = "iPhone Developer";
				COPY_PHASE_STRIP = NO;
				DEBUG_INFORMATION_FORMAT = dwarf;
				ENABLE_STRICT_OBJC_MSGSEND = YES;
				ENABLE_TESTABILITY = YES;
				GCC_C_LANGUAGE_STANDARD = gnu99;
				GCC_DYNAMIC_NO_PIC = NO;
				GCC_NO_COMMON_BLOCKS = YES;
				GCC_OPTIMIZATION_LEVEL = 0;
				GCC_PREPROCESSOR_DEFINITIONS = (
					"DEBUG=1",
					"$(inherited)",
				);
				GCC_WARN_64_TO_32_BIT_CONVERSION = YES;
				GCC_WARN_ABOUT_RETURN_TYPE = YES_ERROR;
				GCC_WARN_UNDECLARED_SELECTOR = YES;
				GCC_WARN_UNINITIALIZED_AUTOS = YES_AGGRESSIVE;
				GCC_WARN_UNUSED_FUNCTION = YES;
				GCC_WARN_UNUSED_VARIABLE = YES;
				IPHONEOS_DEPLOYMENT_TARGET = 10.3;
				MTL_ENABLE_DEBUG_INFO = YES;
				ONLY_ACTIVE_ARCH = YES;
				SDKROOT = iphoneos;
				SWIFT_ACTIVE_COMPILATION_CONDITIONS = DEBUG;
				SWIFT_OPTIMIZATION_LEVEL = "-Onone";
				TARGETED_DEVICE_FAMILY = "1,2";
			};
			name = Debug;
		};
		EBF331701E9B02E800BBB2B0 /* Release */ = {
			isa = XCBuildConfiguration;
			buildSettings = {
				ALWAYS_SEARCH_USER_PATHS = NO;
				CLANG_ANALYZER_NONNULL = YES;
				CLANG_ANALYZER_NUMBER_OBJECT_CONVERSION = YES_AGGRESSIVE;
				CLANG_CXX_LANGUAGE_STANDARD = "gnu++0x";
				CLANG_CXX_LIBRARY = "libc++";
				CLANG_ENABLE_MODULES = YES;
				CLANG_ENABLE_OBJC_ARC = YES;
				CLANG_WARN_BOOL_CONVERSION = YES;
				CLANG_WARN_CONSTANT_CONVERSION = YES;
				CLANG_WARN_DIRECT_OBJC_ISA_USAGE = YES_ERROR;
				CLANG_WARN_DOCUMENTATION_COMMENTS = YES;
				CLANG_WARN_EMPTY_BODY = YES;
				CLANG_WARN_ENUM_CONVERSION = YES;
				CLANG_WARN_INFINITE_RECURSION = YES;
				CLANG_WARN_INT_CONVERSION = YES;
				CLANG_WARN_OBJC_ROOT_CLASS = YES_ERROR;
				CLANG_WARN_SUSPICIOUS_MOVE = YES;
				CLANG_WARN_UNREACHABLE_CODE = YES;
				CLANG_WARN__DUPLICATE_METHOD_MATCH = YES;
				"CODE_SIGN_IDENTITY[sdk=iphoneos*]" = "iPhone Developer";
				COPY_PHASE_STRIP = NO;
				DEBUG_INFORMATION_FORMAT = "dwarf-with-dsym";
				ENABLE_NS_ASSERTIONS = NO;
				ENABLE_STRICT_OBJC_MSGSEND = YES;
				GCC_C_LANGUAGE_STANDARD = gnu99;
				GCC_NO_COMMON_BLOCKS = YES;
				GCC_WARN_64_TO_32_BIT_CONVERSION = YES;
				GCC_WARN_ABOUT_RETURN_TYPE = YES_ERROR;
				GCC_WARN_UNDECLARED_SELECTOR = YES;
				GCC_WARN_UNINITIALIZED_AUTOS = YES_AGGRESSIVE;
				GCC_WARN_UNUSED_FUNCTION = YES;
				GCC_WARN_UNUSED_VARIABLE = YES;
				IPHONEOS_DEPLOYMENT_TARGET = 10.3;
				MTL_ENABLE_DEBUG_INFO = NO;
				SDKROOT = iphoneos;
				SWIFT_OPTIMIZATION_LEVEL = "-Owholemodule";
				TARGETED_DEVICE_FAMILY = "1,2";
				VALIDATE_PRODUCT = YES;
			};
			name = Release;
		};
		EBF331721E9B02E800BBB2B0 /* Debug */ = {
			isa = XCBuildConfiguration;
			buildSettings = {
				ASSETCATALOG_COMPILER_APPICON_NAME = AppIcon;
				INFOPLIST_FILE = HelloWorld/Info.plist;
				LD_RUNPATH_SEARCH_PATHS = "$(inherited) @executable_path/Frameworks";
				PRODUCT_BUNDLE_IDENTIFIER = com.example.HelloWorld;
				PRODUCT_NAME = "$(TARGET_NAME)";
				SWIFT_VERSION = 3.0;
			};
			name = Debug;
		};
		EBF331731E9B02E800BBB2B0 /* Release */ = {
			isa = XCBuildConfiguration;
			buildSettings = {
				ASSETCATALOG_COMPILER_APPICON_NAME = AppIcon;
				INFOPLIST_FILE = HelloWorld/Info.plist;
				LD_RUNPATH_SEARCH_PATHS = "$(inherited) @executable_path/Frameworks";
				PRODUCT_BUNDLE_IDENTIFIER = com.example.HelloWorld;
				PRODUCT_NAME = "$(TARGET_NAME)";
				SWIFT_VERSION = 3.0;
			};
			name = Release;
		};
		EBF331751E9B02E800BBB2B0 /* Debug */ = {
			isa = XCBuildConfiguration;
			buildSettings = {
				ALWAYS_EMBED_SWIFT_STANDARD_LIBRARIES = YES;
				BUNDLE_LOADER = "$(TEST_HOST)";
				INFOPLIST_FILE = HelloWorldTests/Info.plist;
				LD_RUNPATH_SEARCH_PATHS = "$(inherited) @executable_path/Frameworks @loader_path/Frameworks";
				PRODUCT_BUNDLE_IDENTIFIER = com.example.HelloWorldTests;
				PRODUCT_NAME = "$(TARGET_NAME)";
				SWIFT_VERSION = 3.0;
				TEST_HOST = "$(BUILT_PRODUCTS_DIR)/HelloWorld.app/HelloWorld";
			};
			name = Debug;
		};
		EBF331761E9B02E800BBB2B0 /* Release */ = {
			isa = XCBuildConfiguration;
			buildSettings = {
				ALWAYS_EMBED_SWIFT_STANDARD_LIBRARIES = YES;
				BUNDLE_LOADER = "$(TEST_HOST)";
				INFOPLIST_FILE = HelloWorldTests/Info.plist;
				LD_RUNPATH_SEARCH_PATHS = "$(inherited) @executable_path/Frameworks @loader_path/Frameworks";
				PRODUCT_BUNDLE_IDENTIFIER = com.example.HelloWorldTests;
				PRODUCT_NAME = "$(TARGET_NAME)";
				SWIFT_VERSION = 3.0;
				TEST_HOST = "$(BUILT_PRODUCTS_DIR)/HelloWorld.app/HelloWorld";
			};
			name = Release;
		};
		EBF331781E9B02E800BBB2B0 /* Debug */ = {
			isa = XCBuildConfiguration;
			buildSettings = {
				ALWAYS_EMBED_SWIFT_STANDARD_LIBRARIES = YES;
				INFOPLIST_FILE = HelloWorldUITests/Info.plist;
				LD_RUNPATH_SEARCH_PATHS = "$(inherited) @executable_path/Frameworks @loader_path/Frameworks";
				PRODUCT_BUNDLE_IDENTIFIER = com.example.HelloWorldUITests;
				PRODUCT_NAME = "$(TARGET_NAME)";
				SWIFT_VERSION = 3.0;
				TEST_TARGET_NAME = HelloWorld;
			};
			name = Debug;
		};
		EBF331791E9B02E800BBB2B0 /* Release */ = {
			isa = XCBuildConfiguration;
			buildSettings = {
				ALWAYS_EMBED_SWIFT_STANDARD_LIBRARIES = YES;
				INFOPLIST_FILE = HelloWorldUITests/Info.plist;
				LD_RUNPATH_SEARCH_PATHS = "$(inherited) @executable_path/Frameworks @loader_path/Frameworks";
				PRODUCT_BUNDLE_IDENTIFIER = com.example.HelloWorldUITests;
				PRODUCT_NAME = "$(TARGET_NAME)";
				SWIFT_VERSION = 3.0;
				TEST_TARGET_NAME = HelloWorld;
			};
			name = Release;
		};
/* End XCBuildConfiguration section */

/* Begin XCConfigurationList section */
		EBF331441E9B02E800BBB2B0 /* Build configuration list for PBXProject "HelloWorld" */ = {
			isa = XCConfigurationList;
			buildConfigurations = (
				EBF3316F1E9B02E800BBB2B0 /* Debug */,
				EBF331701E9B02E800BBB2B0 /* Release */,
			);
			defaultConfigurationIsVisible = 0;
			defaultConfigurationName = Release;
		};
		EBF331711E9B02E800BBB2B0 /* Build configuration list for PBXNativeTarget "HelloWorld" */ = {
			isa = XCConfigurationList;
			buildConfigurations = (
				EBF331721E9B02E800BBB2B0 /* Debug */,
				EBF331731E9B02E800BBB2B0 /* Release */,
			);
			defaultConfigurationIsVisible = 0;
			defaultConfigurationName = Release;
		};
		EBF331741E9B02E800BBB2B0 /* Build configuration list for PBXNativeTarget "HelloWorldTests" */ = {
			isa = XCConfigurationList;
			buildConfigurations = (
				EBF331751E9B02E800BBB2B0 /* Debug */,
				EBF331761E9B02E800BBB2B0 /* Release */,
			);
			defaultConfigurationIsVisible = 0;
			defaultConfigurationName = Release;
		};
		EBF331771E9B02E800BBB2B0 /* Build configuration list for PBXNativeTarget "HelloWorldUITests" */ = {
			isa = XCConfigurationList;
			buildConfigurations = (
				EBF331781E9B02E800BBB2B0 /* Debug */,
				EBF331791E9B02E800BBB2B0 /* Release */,
			);
			defaultConfigurationIsVisible = 0;
			defaultConfigurationName = Release;
		};
/* End XCConfigurationList section */
	};
	rootObject = EBF331411E9B02E800BBB2B0 /* Project object */;
}
